
Microsoft Visual Studio Solution File, Format Version 12.00
# Visual Studio 15
VisualStudioVersion = 15.0.28010.2041
MinimumVisualStudioVersion = 10.0.40219.1
Project("{FAE04EC0-301F-11D3-BF4B-00C04F79EFBC}") = "StreamsExams", "StreamsExams\StreamsExams.csproj", "{436AE0CE-146B-427B-8624-5BEF09E42011}"
EndProject
Project("{FAE04EC0-301F-11D3-BF4B-00C04F79EFBC}") = "Print Line Numbers", "Print Line Numbers\Print Line Numbers.csproj", "{583DA044-0575-454B-B542-CFA95C5B51DF}"
EndProject
Project("{FAE04EC0-301F-11D3-BF4B-00C04F79EFBC}") = "WordCount", "WordCount\WordCount.csproj", "{02908602-BAAA-4279-997C-CF1F7D83D63B}"
EndProject
Project("{FAE04EC0-301F-11D3-BF4B-00C04F79EFBC}") = "CopyBinaryFile", "CopyBinaryFile\CopyBinaryFile.csproj", "{5C2DAC25-2957-4D26-BFC0-0B5213E144E8}"
EndProject
Project("{FAE04EC0-301F-11D3-BF4B-00C04F79EFBC}") = "SlicingFile", "SlicingFile\SlicingFile.csproj", "{0E3438A1-6E0B-4EA5-8F32-2D8AE8212541}"
EndProject
Global
	GlobalSection(SolutionConfigurationPlatforms) = preSolution
		Debug|Any CPU = Debug|Any CPU
		Release|Any CPU = Release|Any CPU
	EndGlobalSection
	GlobalSection(ProjectConfigurationPlatforms) = postSolution
		{436AE0CE-146B-427B-8624-5BEF09E42011}.Debug|Any CPU.ActiveCfg = Debug|Any CPU
		{436AE0CE-146B-427B-8624-5BEF09E42011}.Debug|Any CPU.Build.0 = Debug|Any CPU
		{436AE0CE-146B-427B-8624-5BEF09E42011}.Release|Any CPU.ActiveCfg = Release|Any CPU
		{436AE0CE-146B-427B-8624-5BEF09E42011}.Release|Any CPU.Build.0 = Release|Any CPU
		{583DA044-0575-454B-B542-CFA95C5B51DF}.Debug|Any CPU.ActiveCfg = Debug|Any CPU
		{583DA044-0575-454B-B542-CFA95C5B51DF}.Debug|Any CPU.Build.0 = Debug|Any CPU
		{583DA044-0575-454B-B542-CFA95C5B51DF}.Release|Any CPU.ActiveCfg = Release|Any CPU
		{583DA044-0575-454B-B542-CFA95C5B51DF}.Release|Any CPU.Build.0 = Release|Any CPU
		{02908602-BAAA-4279-997C-CF1F7D83D63B}.Debug|Any CPU.ActiveCfg = Debug|Any CPU
		{02908602-BAAA-4279-997C-CF1F7D83D63B}.Debug|Any CPU.Build.0 = Debug|Any CPU
		{02908602-BAAA-4279-997C-CF1F7D83D63B}.Release|Any CPU.ActiveCfg = Release|Any CPU
		{02908602-BAAA-4279-997C-CF1F7D83D63B}.Release|Any CPU.Build.0 = Release|Any CPU
		{5C2DAC25-2957-4D26-BFC0-0B5213E144E8}.Debug|Any CPU.ActiveCfg = Debug|Any CPU
		{5C2DAC25-2957-4D26-BFC0-0B5213E144E8}.Debug|Any CPU.Build.0 = Debug|Any CPU
		{5C2DAC25-2957-4D26-BFC0-0B5213E144E8}.Release|Any CPU.ActiveCfg = Release|Any CPU
		{5C2DAC25-2957-4D26-BFC0-0B5213E144E8}.Release|Any CPU.Build.0 = Release|Any CPU
		{0E3438A1-6E0B-4EA5-8F32-2D8AE8212541}.Debug|Any CPU.ActiveCfg = Debug|Any CPU
		{0E3438A1-6E0B-4EA5-8F32-2D8AE8212541}.Debug|Any CPU.Build.0 = Debug|Any CPU
		{0E3438A1-6E0B-4EA5-8F32-2D8AE8212541}.Release|Any CPU.ActiveCfg = Release|Any CPU
		{0E3438A1-6E0B-4EA5-8F32-2D8AE8212541}.Release|Any CPU.Build.0 = Release|Any CPU
	EndGlobalSection
	GlobalSection(SolutionProperties) = preSolution
		HideSolutionNode = FALSE
	EndGlobalSection
	GlobalSection(ExtensibilityGlobals) = postSolution
		SolutionGuid = {341B32FD-ED0C-4D67-A9D9-5F8ABB599BA2}
	EndGlobalSection
EndGlobal
