
Microsoft Visual Studio Solution File, Format Version 12.00
# Visual Studio 15
VisualStudioVersion = 15.0.26430.6
MinimumVisualStudioVersion = 10.0.40219.1
Project("{FAE04EC0-301F-11D3-BF4B-00C04F79EFBC}") = "Task1", "Task1\Task1.csproj", "{589C03C0-89F3-4BC5-980A-9F7650457F14}"
EndProject
Project("{FAE04EC0-301F-11D3-BF4B-00C04F79EFBC}") = "Taks2", "Taks2\Taks2.csproj", "{4BD7DC27-115E-4FDA-924F-16624F5CF927}"
EndProject
Project("{FAE04EC0-301F-11D3-BF4B-00C04F79EFBC}") = "Task3", "Task3\Task3.csproj", "{B46E314A-14FC-4EEC-BA22-3E2A3EB67EC2}"
EndProject
Project("{FAE04EC0-301F-11D3-BF4B-00C04F79EFBC}") = "Task4", "Task4\Task4.csproj", "{7CC3976F-DEBB-46A7-BD1A-6E77D8E33D3D}"
EndProject
Project("{FAE04EC0-301F-11D3-BF4B-00C04F79EFBC}") = "Task5", "Task5\Task5.csproj", "{03416EA4-68DB-43F4-A826-593E2DA04A19}"
EndProject
Global
	GlobalSection(SolutionConfigurationPlatforms) = preSolution
		Debug|Any CPU = Debug|Any CPU
		Release|Any CPU = Release|Any CPU
	EndGlobalSection
	GlobalSection(ProjectConfigurationPlatforms) = postSolution
		{589C03C0-89F3-4BC5-980A-9F7650457F14}.Debug|Any CPU.ActiveCfg = Debug|Any CPU
		{589C03C0-89F3-4BC5-980A-9F7650457F14}.Debug|Any CPU.Build.0 = Debug|Any CPU
		{589C03C0-89F3-4BC5-980A-9F7650457F14}.Release|Any CPU.ActiveCfg = Release|Any CPU
		{589C03C0-89F3-4BC5-980A-9F7650457F14}.Release|Any CPU.Build.0 = Release|Any CPU
		{4BD7DC27-115E-4FDA-924F-16624F5CF927}.Debug|Any CPU.ActiveCfg = Debug|Any CPU
		{4BD7DC27-115E-4FDA-924F-16624F5CF927}.Debug|Any CPU.Build.0 = Debug|Any CPU
		{4BD7DC27-115E-4FDA-924F-16624F5CF927}.Release|Any CPU.ActiveCfg = Release|Any CPU
		{4BD7DC27-115E-4FDA-924F-16624F5CF927}.Release|Any CPU.Build.0 = Release|Any CPU
		{B46E314A-14FC-4EEC-BA22-3E2A3EB67EC2}.Debug|Any CPU.ActiveCfg = Debug|Any CPU
		{B46E314A-14FC-4EEC-BA22-3E2A3EB67EC2}.Debug|Any CPU.Build.0 = Debug|Any CPU
		{B46E314A-14FC-4EEC-BA22-3E2A3EB67EC2}.Release|Any CPU.ActiveCfg = Release|Any CPU
		{B46E314A-14FC-4EEC-BA22-3E2A3EB67EC2}.Release|Any CPU.Build.0 = Release|Any CPU
		{7CC3976F-DEBB-46A7-BD1A-6E77D8E33D3D}.Debug|Any CPU.ActiveCfg = Debug|Any CPU
		{7CC3976F-DEBB-46A7-BD1A-6E77D8E33D3D}.Debug|Any CPU.Build.0 = Debug|Any CPU
		{7CC3976F-DEBB-46A7-BD1A-6E77D8E33D3D}.Release|Any CPU.ActiveCfg = Release|Any CPU
		{7CC3976F-DEBB-46A7-BD1A-6E77D8E33D3D}.Release|Any CPU.Build.0 = Release|Any CPU
		{03416EA4-68DB-43F4-A826-593E2DA04A19}.Debug|Any CPU.ActiveCfg = Debug|Any CPU
		{03416EA4-68DB-43F4-A826-593E2DA04A19}.Debug|Any CPU.Build.0 = Debug|Any CPU
		{03416EA4-68DB-43F4-A826-593E2DA04A19}.Release|Any CPU.ActiveCfg = Release|Any CPU
		{03416EA4-68DB-43F4-A826-593E2DA04A19}.Release|Any CPU.Build.0 = Release|Any CPU
	EndGlobalSection
	GlobalSection(SolutionProperties) = preSolution
		HideSolutionNode = FALSE
	EndGlobalSection
EndGlobal
