
Microsoft Visual Studio Solution File, Format Version 12.00
# Visual Studio 15
VisualStudioVersion = 15.0.27130.2027
MinimumVisualStudioVersion = 10.0.40219.1
Project("{9A19103F-16F7-4668-BE54-9A1E7A4F7556}") = "LAB", "LAB\LAB.csproj", "{C534A0A5-8035-455D-9A3D-1C763627F588}"
EndProject
Project("{FAE04EC0-301F-11D3-BF4B-00C04F79EFBC}") = "Write To File Reversed", "Write To File Reversed\Write To File Reversed.csproj", "{03A7EA10-35B5-46A0-B748-F2B1EAB19DCA}"
EndProject
Global
	GlobalSection(SolutionConfigurationPlatforms) = preSolution
		Debug|Any CPU = Debug|Any CPU
		Release|Any CPU = Release|Any CPU
	EndGlobalSection
	GlobalSection(ProjectConfigurationPlatforms) = postSolution
		{C534A0A5-8035-455D-9A3D-1C763627F588}.Debug|Any CPU.ActiveCfg = Debug|Any CPU
		{C534A0A5-8035-455D-9A3D-1C763627F588}.Debug|Any CPU.Build.0 = Debug|Any CPU
		{C534A0A5-8035-455D-9A3D-1C763627F588}.Release|Any CPU.ActiveCfg = Release|Any CPU
		{C534A0A5-8035-455D-9A3D-1C763627F588}.Release|Any CPU.Build.0 = Release|Any CPU
		{03A7EA10-35B5-46A0-B748-F2B1EAB19DCA}.Debug|Any CPU.ActiveCfg = Debug|Any CPU
		{03A7EA10-35B5-46A0-B748-F2B1EAB19DCA}.Debug|Any CPU.Build.0 = Debug|Any CPU
		{03A7EA10-35B5-46A0-B748-F2B1EAB19DCA}.Release|Any CPU.ActiveCfg = Release|Any CPU
		{03A7EA10-35B5-46A0-B748-F2B1EAB19DCA}.Release|Any CPU.Build.0 = Release|Any CPU
	EndGlobalSection
	GlobalSection(SolutionProperties) = preSolution
		HideSolutionNode = FALSE
	EndGlobalSection
	GlobalSection(ExtensibilityGlobals) = postSolution
		SolutionGuid = {B87EA92C-6C64-4F1A-B632-BCFCF06F6A3C}
	EndGlobalSection
EndGlobal
