
Microsoft Visual Studio Solution File, Format Version 12.00
# Visual Studio 15
VisualStudioVersion = 15.0.28010.2046
MinimumVisualStudioVersion = 10.0.40219.1
Project("{9A19103F-16F7-4668-BE54-9A1E7A4F7556}") = "CompanyRoster", "Company Roster\CompanyRoster.csproj", "{3EEAF882-E2E7-4660-BE77-39D9DB342C6E}"
EndProject
Global
	GlobalSection(SolutionConfigurationPlatforms) = preSolution
		Debug|Any CPU = Debug|Any CPU
		Release|Any CPU = Release|Any CPU
	EndGlobalSection
	GlobalSection(ProjectConfigurationPlatforms) = postSolution
		{3EEAF882-E2E7-4660-BE77-39D9DB342C6E}.Debug|Any CPU.ActiveCfg = Debug|Any CPU
		{3EEAF882-E2E7-4660-BE77-39D9DB342C6E}.Debug|Any CPU.Build.0 = Debug|Any CPU
		{3EEAF882-E2E7-4660-BE77-39D9DB342C6E}.Release|Any CPU.ActiveCfg = Release|Any CPU
		{3EEAF882-E2E7-4660-BE77-39D9DB342C6E}.Release|Any CPU.Build.0 = Release|Any CPU
	EndGlobalSection
	GlobalSection(SolutionProperties) = preSolution
		HideSolutionNode = FALSE
	EndGlobalSection
	GlobalSection(ExtensibilityGlobals) = postSolution
		SolutionGuid = {1280D4C1-A0F8-4403-96A8-0A9128D22FEC}
	EndGlobalSection
EndGlobal
