
Microsoft Visual Studio Solution File, Format Version 12.00
# Visual Studio 15
VisualStudioVersion = 15.0.27428.2015
MinimumVisualStudioVersion = 10.0.40219.1
Project("{FAE04EC0-301F-11D3-BF4B-00C04F79EFBC}") = "GuiTest1", "GuiTest1\GuiTest1.csproj", "{BA876BA1-E926-41C9-B8C4-B2E36ADE977B}"
EndProject
Global
	GlobalSection(SolutionConfigurationPlatforms) = preSolution
		Debug|Any CPU = Debug|Any CPU
		Release|Any CPU = Release|Any CPU
	EndGlobalSection
	GlobalSection(ProjectConfigurationPlatforms) = postSolution
		{BA876BA1-E926-41C9-B8C4-B2E36ADE977B}.Debug|Any CPU.ActiveCfg = Debug|Any CPU
		{BA876BA1-E926-41C9-B8C4-B2E36ADE977B}.Debug|Any CPU.Build.0 = Debug|Any CPU
		{BA876BA1-E926-41C9-B8C4-B2E36ADE977B}.Release|Any CPU.ActiveCfg = Release|Any CPU
		{BA876BA1-E926-41C9-B8C4-B2E36ADE977B}.Release|Any CPU.Build.0 = Release|Any CPU
	EndGlobalSection
	GlobalSection(SolutionProperties) = preSolution
		HideSolutionNode = FALSE
	EndGlobalSection
	GlobalSection(ExtensibilityGlobals) = postSolution
		SolutionGuid = {A33A2F93-266F-4B85-BCAE-8F3E23E23293}
	EndGlobalSection
EndGlobal
