
Microsoft Visual Studio Solution File, Format Version 12.00
# Visual Studio 15
VisualStudioVersion = 15.0.26730.16
MinimumVisualStudioVersion = 10.0.40219.1
Project("{FAE04EC0-301F-11D3-BF4B-00C04F79EFBC}") = "ArraysExercise", "ArraysExercise\ArraysExercise.csproj", "{2046AEC1-DCFF-485C-AED2-DB5D6784E4CC}"
EndProject
Project("{FAE04EC0-301F-11D3-BF4B-00C04F79EFBC}") = "ReverseArray", "ReverseArray\ReverseArray.csproj", "{ED6AD601-43A0-4E71-B3B3-6F959C6F30F1}"
EndProject
Project("{FAE04EC0-301F-11D3-BF4B-00C04F79EFBC}") = "RotateAndSum", "RotateAndSum\RotateAndSum.csproj", "{10F53681-0356-4AF0-A0D0-32797EE8DF51}"
EndProject
Project("{FAE04EC0-301F-11D3-BF4B-00C04F79EFBC}") = "FoldAndSum", "FondAndSum\FoldAndSum.csproj", "{DCC28F79-CDD9-4DAD-9BFB-FF7992550D3B}"
EndProject
Project("{FAE04EC0-301F-11D3-BF4B-00C04F79EFBC}") = "SieveOfEratosthenes", "SieveOfEratosthenes\SieveOfEratosthenes.csproj", "{A4F51AD3-1E12-4268-A7BA-9ADC78B233C1}"
EndProject
Global
	GlobalSection(SolutionConfigurationPlatforms) = preSolution
		Debug|Any CPU = Debug|Any CPU
		Release|Any CPU = Release|Any CPU
	EndGlobalSection
	GlobalSection(ProjectConfigurationPlatforms) = postSolution
		{2046AEC1-DCFF-485C-AED2-DB5D6784E4CC}.Debug|Any CPU.ActiveCfg = Debug|Any CPU
		{2046AEC1-DCFF-485C-AED2-DB5D6784E4CC}.Debug|Any CPU.Build.0 = Debug|Any CPU
		{2046AEC1-DCFF-485C-AED2-DB5D6784E4CC}.Release|Any CPU.ActiveCfg = Release|Any CPU
		{2046AEC1-DCFF-485C-AED2-DB5D6784E4CC}.Release|Any CPU.Build.0 = Release|Any CPU
		{ED6AD601-43A0-4E71-B3B3-6F959C6F30F1}.Debug|Any CPU.ActiveCfg = Debug|Any CPU
		{ED6AD601-43A0-4E71-B3B3-6F959C6F30F1}.Debug|Any CPU.Build.0 = Debug|Any CPU
		{ED6AD601-43A0-4E71-B3B3-6F959C6F30F1}.Release|Any CPU.ActiveCfg = Release|Any CPU
		{ED6AD601-43A0-4E71-B3B3-6F959C6F30F1}.Release|Any CPU.Build.0 = Release|Any CPU
		{10F53681-0356-4AF0-A0D0-32797EE8DF51}.Debug|Any CPU.ActiveCfg = Debug|Any CPU
		{10F53681-0356-4AF0-A0D0-32797EE8DF51}.Debug|Any CPU.Build.0 = Debug|Any CPU
		{10F53681-0356-4AF0-A0D0-32797EE8DF51}.Release|Any CPU.ActiveCfg = Release|Any CPU
		{10F53681-0356-4AF0-A0D0-32797EE8DF51}.Release|Any CPU.Build.0 = Release|Any CPU
		{DCC28F79-CDD9-4DAD-9BFB-FF7992550D3B}.Debug|Any CPU.ActiveCfg = Debug|Any CPU
		{DCC28F79-CDD9-4DAD-9BFB-FF7992550D3B}.Debug|Any CPU.Build.0 = Debug|Any CPU
		{DCC28F79-CDD9-4DAD-9BFB-FF7992550D3B}.Release|Any CPU.ActiveCfg = Release|Any CPU
		{DCC28F79-CDD9-4DAD-9BFB-FF7992550D3B}.Release|Any CPU.Build.0 = Release|Any CPU
		{A4F51AD3-1E12-4268-A7BA-9ADC78B233C1}.Debug|Any CPU.ActiveCfg = Debug|Any CPU
		{A4F51AD3-1E12-4268-A7BA-9ADC78B233C1}.Debug|Any CPU.Build.0 = Debug|Any CPU
		{A4F51AD3-1E12-4268-A7BA-9ADC78B233C1}.Release|Any CPU.ActiveCfg = Release|Any CPU
		{A4F51AD3-1E12-4268-A7BA-9ADC78B233C1}.Release|Any CPU.Build.0 = Release|Any CPU
	EndGlobalSection
	GlobalSection(SolutionProperties) = preSolution
		HideSolutionNode = FALSE
	EndGlobalSection
	GlobalSection(ExtensibilityGlobals) = postSolution
		SolutionGuid = {E9755CE9-0C33-4E64-94CA-06F6E6A6284B}
	EndGlobalSection
EndGlobal
