
Microsoft Visual Studio Solution File, Format Version 12.00
# Visual Studio 15
VisualStudioVersion = 15.0.26206.0
MinimumVisualStudioVersion = 10.0.40219.1
Project("{FAE04EC0-301F-11D3-BF4B-00C04F79EFBC}") = "OldExams", "OldExams\OldExams.csproj", "{78F2EC2D-E8A8-450E-BD0F-FFACA9AA9E75}"
EndProject
Project("{FAE04EC0-301F-11D3-BF4B-00C04F79EFBC}") = "TruckDriver", "TruckDriver\TruckDriver.csproj", "{6EF51429-265F-40AE-B1EE-09E043A3F7B8}"
EndProject
Project("{FAE04EC0-301F-11D3-BF4B-00C04F79EFBC}") = "FuckingRocket", "FuckingRocket\FuckingRocket.csproj", "{CC34B11D-6015-4C39-A8AB-DA71EB7B674E}"
EndProject
Project("{FAE04EC0-301F-11D3-BF4B-00C04F79EFBC}") = "Others", "Others\Others.csproj", "{33E2C3E6-5C67-444D-A8DC-00E869D53C2E}"
EndProject
Global
	GlobalSection(SolutionConfigurationPlatforms) = preSolution
		Debug|Any CPU = Debug|Any CPU
		Release|Any CPU = Release|Any CPU
	EndGlobalSection
	GlobalSection(ProjectConfigurationPlatforms) = postSolution
		{78F2EC2D-E8A8-450E-BD0F-FFACA9AA9E75}.Debug|Any CPU.ActiveCfg = Debug|Any CPU
		{78F2EC2D-E8A8-450E-BD0F-FFACA9AA9E75}.Debug|Any CPU.Build.0 = Debug|Any CPU
		{78F2EC2D-E8A8-450E-BD0F-FFACA9AA9E75}.Release|Any CPU.ActiveCfg = Release|Any CPU
		{78F2EC2D-E8A8-450E-BD0F-FFACA9AA9E75}.Release|Any CPU.Build.0 = Release|Any CPU
		{6EF51429-265F-40AE-B1EE-09E043A3F7B8}.Debug|Any CPU.ActiveCfg = Debug|Any CPU
		{6EF51429-265F-40AE-B1EE-09E043A3F7B8}.Debug|Any CPU.Build.0 = Debug|Any CPU
		{6EF51429-265F-40AE-B1EE-09E043A3F7B8}.Release|Any CPU.ActiveCfg = Release|Any CPU
		{6EF51429-265F-40AE-B1EE-09E043A3F7B8}.Release|Any CPU.Build.0 = Release|Any CPU
		{CC34B11D-6015-4C39-A8AB-DA71EB7B674E}.Debug|Any CPU.ActiveCfg = Debug|Any CPU
		{CC34B11D-6015-4C39-A8AB-DA71EB7B674E}.Debug|Any CPU.Build.0 = Debug|Any CPU
		{CC34B11D-6015-4C39-A8AB-DA71EB7B674E}.Release|Any CPU.ActiveCfg = Release|Any CPU
		{CC34B11D-6015-4C39-A8AB-DA71EB7B674E}.Release|Any CPU.Build.0 = Release|Any CPU
		{33E2C3E6-5C67-444D-A8DC-00E869D53C2E}.Debug|Any CPU.ActiveCfg = Debug|Any CPU
		{33E2C3E6-5C67-444D-A8DC-00E869D53C2E}.Debug|Any CPU.Build.0 = Debug|Any CPU
		{33E2C3E6-5C67-444D-A8DC-00E869D53C2E}.Release|Any CPU.ActiveCfg = Release|Any CPU
		{33E2C3E6-5C67-444D-A8DC-00E869D53C2E}.Release|Any CPU.Build.0 = Release|Any CPU
	EndGlobalSection
	GlobalSection(SolutionProperties) = preSolution
		HideSolutionNode = FALSE
	EndGlobalSection
EndGlobal
